
Microsoft Visual Studio Solution File, Format Version 12.00
# Visual Studio Version 17
VisualStudioVersion = 17.4.33213.308
MinimumVisualStudioVersion = 10.0.40219.1
Project("{FAE04EC0-301F-11D3-BF4B-00C04F79EFBC}") = "Stopwatch", "Stopwatch.csproj", "{3C44C0A1-96A9-481B-A16F-AD5706387ED4}"
EndProject
Project("{2150E333-8FDC-42A3-9474-1A3956D46DE8}") = "Solution Items", "Solution Items", "{BD87068A-CA15-4ADE-9911-BC0B04463379}"
	ProjectSection(SolutionItems) = preProject
		README.txt = README.txt
	EndProjectSection
EndProject
Global
	GlobalSection(SolutionConfigurationPlatforms) = preSolution
		Debug|Any CPU = Debug|Any CPU
		Release|Any CPU = Release|Any CPU
	EndGlobalSection
	GlobalSection(ProjectConfigurationPlatforms) = postSolution
		{3C44C0A1-96A9-481B-A16F-AD5706387ED4}.Debug|Any CPU.ActiveCfg = Debug|Any CPU
		{3C44C0A1-96A9-481B-A16F-AD5706387ED4}.Debug|Any CPU.Build.0 = Debug|Any CPU
		{3C44C0A1-96A9-481B-A16F-AD5706387ED4}.Release|Any CPU.ActiveCfg = Release|Any CPU
		{3C44C0A1-96A9-481B-A16F-AD5706387ED4}.Release|Any CPU.Build.0 = Release|Any CPU
	EndGlobalSection
	GlobalSection(SolutionProperties) = preSolution
		HideSolutionNode = FALSE
	EndGlobalSection
	GlobalSection(ExtensibilityGlobals) = postSolution
		SolutionGuid = {2C0EE3B4-71D9-4486-A4FE-9E4EC0F7DC8E}
	EndGlobalSection
EndGlobal
